
Microsoft Visual Studio Solution File, Format Version 12.00
# Visual Studio Version 17
VisualStudioVersion = 17.8.34330.188
MinimumVisualStudioVersion = 10.0.40219.1
Project("{FAE04EC0-301F-11D3-BF4B-00C04F79EFBC}") = "komisyon", "komisyon.csproj", "{CCA268D2-48B6-43CE-ABDD-7930E20F35AD}"
EndProject
Global
	GlobalSection(SolutionConfigurationPlatforms) = preSolution
		Debug|Any CPU = Debug|Any CPU
		Release|Any CPU = Release|Any CPU
	EndGlobalSection
	GlobalSection(ProjectConfigurationPlatforms) = postSolution
		{CCA268D2-48B6-43CE-ABDD-7930E20F35AD}.Debug|Any CPU.ActiveCfg = Debug|Any CPU
		{CCA268D2-48B6-43CE-ABDD-7930E20F35AD}.Debug|Any CPU.Build.0 = Debug|Any CPU
		{CCA268D2-48B6-43CE-ABDD-7930E20F35AD}.Release|Any CPU.ActiveCfg = Release|Any CPU
		{CCA268D2-48B6-43CE-ABDD-7930E20F35AD}.Release|Any CPU.Build.0 = Release|Any CPU
	EndGlobalSection
	GlobalSection(SolutionProperties) = preSolution
		HideSolutionNode = FALSE
	EndGlobalSection
	GlobalSection(ExtensibilityGlobals) = postSolution
		SolutionGuid = {8A692BE4-56A3-49A3-934F-F329E604A198}
	EndGlobalSection
EndGlobal
