
Microsoft Visual Studio Solution File, Format Version 12.00
# Visual Studio Version 17
VisualStudioVersion = 17.1.32210.238
MinimumVisualStudioVersion = 10.0.40219.1
Project("{FAE04EC0-301F-11D3-BF4B-00C04F79EFBC}") = "PT13_2023_10_23_IF3_Yas", "PT13_2023_10_23_IF3_Yas\PT13_2023_10_23_IF3_Yas.csproj", "{0E81762B-4DD3-42A5-8E49-852B82D26704}"
EndProject
Global
	GlobalSection(SolutionConfigurationPlatforms) = preSolution
		Debug|Any CPU = Debug|Any CPU
		Release|Any CPU = Release|Any CPU
	EndGlobalSection
	GlobalSection(ProjectConfigurationPlatforms) = postSolution
		{0E81762B-4DD3-42A5-8E49-852B82D26704}.Debug|Any CPU.ActiveCfg = Debug|Any CPU
		{0E81762B-4DD3-42A5-8E49-852B82D26704}.Debug|Any CPU.Build.0 = Debug|Any CPU
		{0E81762B-4DD3-42A5-8E49-852B82D26704}.Release|Any CPU.ActiveCfg = Release|Any CPU
		{0E81762B-4DD3-42A5-8E49-852B82D26704}.Release|Any CPU.Build.0 = Release|Any CPU
	EndGlobalSection
	GlobalSection(SolutionProperties) = preSolution
		HideSolutionNode = FALSE
	EndGlobalSection
	GlobalSection(ExtensibilityGlobals) = postSolution
		SolutionGuid = {E55E9162-3493-4E29-9BB7-6D133D9D19D2}
	EndGlobalSection
EndGlobal
