
Microsoft Visual Studio Solution File, Format Version 12.00
# Visual Studio Version 17
VisualStudioVersion = 17.1.32210.238
MinimumVisualStudioVersion = 10.0.40219.1
Project("{FAE04EC0-301F-11D3-BF4B-00C04F79EFBC}") = "PT18_2023_10_30", "PT18_2023_10_30\PT18_2023_10_30.csproj", "{405D775E-A38B-4D8A-88DD-6F79B7ADAC3C}"
EndProject
Global
	GlobalSection(SolutionConfigurationPlatforms) = preSolution
		Debug|Any CPU = Debug|Any CPU
		Release|Any CPU = Release|Any CPU
	EndGlobalSection
	GlobalSection(ProjectConfigurationPlatforms) = postSolution
		{405D775E-A38B-4D8A-88DD-6F79B7ADAC3C}.Debug|Any CPU.ActiveCfg = Debug|Any CPU
		{405D775E-A38B-4D8A-88DD-6F79B7ADAC3C}.Debug|Any CPU.Build.0 = Debug|Any CPU
		{405D775E-A38B-4D8A-88DD-6F79B7ADAC3C}.Release|Any CPU.ActiveCfg = Release|Any CPU
		{405D775E-A38B-4D8A-88DD-6F79B7ADAC3C}.Release|Any CPU.Build.0 = Release|Any CPU
	EndGlobalSection
	GlobalSection(SolutionProperties) = preSolution
		HideSolutionNode = FALSE
	EndGlobalSection
	GlobalSection(ExtensibilityGlobals) = postSolution
		SolutionGuid = {77C30920-984D-4A49-9938-3E13486C6745}
	EndGlobalSection
EndGlobal
