
Microsoft Visual Studio Solution File, Format Version 12.00
# Visual Studio Version 17
VisualStudioVersion = 17.1.32210.238
MinimumVisualStudioVersion = 10.0.40219.1
Project("{FAE04EC0-301F-11D3-BF4B-00C04F79EFBC}") = "PT19_2023_10_30", "PT19_2023_10_30\PT19_2023_10_30.csproj", "{D964A895-73B0-4ABC-9B2D-C462396DD018}"
EndProject
Global
	GlobalSection(SolutionConfigurationPlatforms) = preSolution
		Debug|Any CPU = Debug|Any CPU
		Release|Any CPU = Release|Any CPU
	EndGlobalSection
	GlobalSection(ProjectConfigurationPlatforms) = postSolution
		{D964A895-73B0-4ABC-9B2D-C462396DD018}.Debug|Any CPU.ActiveCfg = Debug|Any CPU
		{D964A895-73B0-4ABC-9B2D-C462396DD018}.Debug|Any CPU.Build.0 = Debug|Any CPU
		{D964A895-73B0-4ABC-9B2D-C462396DD018}.Release|Any CPU.ActiveCfg = Release|Any CPU
		{D964A895-73B0-4ABC-9B2D-C462396DD018}.Release|Any CPU.Build.0 = Release|Any CPU
	EndGlobalSection
	GlobalSection(SolutionProperties) = preSolution
		HideSolutionNode = FALSE
	EndGlobalSection
	GlobalSection(ExtensibilityGlobals) = postSolution
		SolutionGuid = {4AE75438-BBE4-4BC0-8768-A06CEDCF90BB}
	EndGlobalSection
EndGlobal
