
Microsoft Visual Studio Solution File, Format Version 12.00
# Visual Studio Version 17
VisualStudioVersion = 17.1.32210.238
MinimumVisualStudioVersion = 10.0.40219.1
Project("{FAE04EC0-301F-11D3-BF4B-00C04F79EFBC}") = "PT20_2023_10_30", "PT20_2023_10_30\PT20_2023_10_30.csproj", "{3DB732C9-95EC-4946-85AA-E05ADE46F355}"
EndProject
Global
	GlobalSection(SolutionConfigurationPlatforms) = preSolution
		Debug|Any CPU = Debug|Any CPU
		Release|Any CPU = Release|Any CPU
	EndGlobalSection
	GlobalSection(ProjectConfigurationPlatforms) = postSolution
		{3DB732C9-95EC-4946-85AA-E05ADE46F355}.Debug|Any CPU.ActiveCfg = Debug|Any CPU
		{3DB732C9-95EC-4946-85AA-E05ADE46F355}.Debug|Any CPU.Build.0 = Debug|Any CPU
		{3DB732C9-95EC-4946-85AA-E05ADE46F355}.Release|Any CPU.ActiveCfg = Release|Any CPU
		{3DB732C9-95EC-4946-85AA-E05ADE46F355}.Release|Any CPU.Build.0 = Release|Any CPU
	EndGlobalSection
	GlobalSection(SolutionProperties) = preSolution
		HideSolutionNode = FALSE
	EndGlobalSection
	GlobalSection(ExtensibilityGlobals) = postSolution
		SolutionGuid = {A86D8132-CEE8-4278-98BA-B8362E95E33E}
	EndGlobalSection
EndGlobal
