
Microsoft Visual Studio Solution File, Format Version 12.00
# Visual Studio Version 17
VisualStudioVersion = 17.1.32210.238
MinimumVisualStudioVersion = 10.0.40219.1
Project("{FAE04EC0-301F-11D3-BF4B-00C04F79EFBC}") = "PT30_2023_11_08", "PT30_2023_11_08\PT30_2023_11_08.csproj", "{8232BE13-DBFA-4397-A40F-E9A000B1B779}"
EndProject
Global
	GlobalSection(SolutionConfigurationPlatforms) = preSolution
		Debug|Any CPU = Debug|Any CPU
		Release|Any CPU = Release|Any CPU
	EndGlobalSection
	GlobalSection(ProjectConfigurationPlatforms) = postSolution
		{8232BE13-DBFA-4397-A40F-E9A000B1B779}.Debug|Any CPU.ActiveCfg = Debug|Any CPU
		{8232BE13-DBFA-4397-A40F-E9A000B1B779}.Debug|Any CPU.Build.0 = Debug|Any CPU
		{8232BE13-DBFA-4397-A40F-E9A000B1B779}.Release|Any CPU.ActiveCfg = Release|Any CPU
		{8232BE13-DBFA-4397-A40F-E9A000B1B779}.Release|Any CPU.Build.0 = Release|Any CPU
	EndGlobalSection
	GlobalSection(SolutionProperties) = preSolution
		HideSolutionNode = FALSE
	EndGlobalSection
	GlobalSection(ExtensibilityGlobals) = postSolution
		SolutionGuid = {4C095E42-F61F-42F5-88D8-7D44E7586132}
	EndGlobalSection
EndGlobal
