
Microsoft Visual Studio Solution File, Format Version 12.00
# Visual Studio Version 17
VisualStudioVersion = 17.1.32210.238
MinimumVisualStudioVersion = 10.0.40219.1
Project("{FAE04EC0-301F-11D3-BF4B-00C04F79EFBC}") = "PT31_2023_11_08", "PT31_2023_11_08\PT31_2023_11_08.csproj", "{267398C4-4003-437F-BCC1-C9DC9D2593F4}"
EndProject
Global
	GlobalSection(SolutionConfigurationPlatforms) = preSolution
		Debug|Any CPU = Debug|Any CPU
		Release|Any CPU = Release|Any CPU
	EndGlobalSection
	GlobalSection(ProjectConfigurationPlatforms) = postSolution
		{267398C4-4003-437F-BCC1-C9DC9D2593F4}.Debug|Any CPU.ActiveCfg = Debug|Any CPU
		{267398C4-4003-437F-BCC1-C9DC9D2593F4}.Debug|Any CPU.Build.0 = Debug|Any CPU
		{267398C4-4003-437F-BCC1-C9DC9D2593F4}.Release|Any CPU.ActiveCfg = Release|Any CPU
		{267398C4-4003-437F-BCC1-C9DC9D2593F4}.Release|Any CPU.Build.0 = Release|Any CPU
	EndGlobalSection
	GlobalSection(SolutionProperties) = preSolution
		HideSolutionNode = FALSE
	EndGlobalSection
	GlobalSection(ExtensibilityGlobals) = postSolution
		SolutionGuid = {186FE59F-424E-472C-9D39-6AD4CCAC0DF1}
	EndGlobalSection
EndGlobal
