
Microsoft Visual Studio Solution File, Format Version 12.00
# Visual Studio Version 17
VisualStudioVersion = 17.1.32210.238
MinimumVisualStudioVersion = 10.0.40219.1
Project("{FAE04EC0-301F-11D3-BF4B-00C04F79EFBC}") = "PT34_2023_11_13", "PT34_2023_11_13\PT34_2023_11_13.csproj", "{80C6C049-D972-4323-9910-224937E517A7}"
EndProject
Global
	GlobalSection(SolutionConfigurationPlatforms) = preSolution
		Debug|Any CPU = Debug|Any CPU
		Release|Any CPU = Release|Any CPU
	EndGlobalSection
	GlobalSection(ProjectConfigurationPlatforms) = postSolution
		{80C6C049-D972-4323-9910-224937E517A7}.Debug|Any CPU.ActiveCfg = Debug|Any CPU
		{80C6C049-D972-4323-9910-224937E517A7}.Debug|Any CPU.Build.0 = Debug|Any CPU
		{80C6C049-D972-4323-9910-224937E517A7}.Release|Any CPU.ActiveCfg = Release|Any CPU
		{80C6C049-D972-4323-9910-224937E517A7}.Release|Any CPU.Build.0 = Release|Any CPU
	EndGlobalSection
	GlobalSection(SolutionProperties) = preSolution
		HideSolutionNode = FALSE
	EndGlobalSection
	GlobalSection(ExtensibilityGlobals) = postSolution
		SolutionGuid = {E87DFB65-1AFD-488D-B12B-594CE446864A}
	EndGlobalSection
EndGlobal
