
Microsoft Visual Studio Solution File, Format Version 12.00
# Visual Studio Version 17
VisualStudioVersion = 17.1.32210.238
MinimumVisualStudioVersion = 10.0.40219.1
Project("{FAE04EC0-301F-11D3-BF4B-00C04F79EFBC}") = "PT40_20231206", "PT40_20231206\PT40_20231206.csproj", "{B9EAD3D4-FF23-4423-A592-28FA054C382E}"
EndProject
Global
	GlobalSection(SolutionConfigurationPlatforms) = preSolution
		Debug|Any CPU = Debug|Any CPU
		Release|Any CPU = Release|Any CPU
	EndGlobalSection
	GlobalSection(ProjectConfigurationPlatforms) = postSolution
		{B9EAD3D4-FF23-4423-A592-28FA054C382E}.Debug|Any CPU.ActiveCfg = Debug|Any CPU
		{B9EAD3D4-FF23-4423-A592-28FA054C382E}.Debug|Any CPU.Build.0 = Debug|Any CPU
		{B9EAD3D4-FF23-4423-A592-28FA054C382E}.Release|Any CPU.ActiveCfg = Release|Any CPU
		{B9EAD3D4-FF23-4423-A592-28FA054C382E}.Release|Any CPU.Build.0 = Release|Any CPU
	EndGlobalSection
	GlobalSection(SolutionProperties) = preSolution
		HideSolutionNode = FALSE
	EndGlobalSection
	GlobalSection(ExtensibilityGlobals) = postSolution
		SolutionGuid = {7C013755-DEE0-4ACA-96EE-FD96E9C13C14}
	EndGlobalSection
EndGlobal
