
Microsoft Visual Studio Solution File, Format Version 12.00
# Visual Studio Version 17
VisualStudioVersion = 17.1.32210.238
MinimumVisualStudioVersion = 10.0.40219.1
Project("{FAE04EC0-301F-11D3-BF4B-00C04F79EFBC}") = "PT41_20231206", "PT41_20231206\PT41_20231206.csproj", "{340B9C5F-19FF-4AA0-881B-24B6274321D0}"
EndProject
Global
	GlobalSection(SolutionConfigurationPlatforms) = preSolution
		Debug|Any CPU = Debug|Any CPU
		Release|Any CPU = Release|Any CPU
	EndGlobalSection
	GlobalSection(ProjectConfigurationPlatforms) = postSolution
		{340B9C5F-19FF-4AA0-881B-24B6274321D0}.Debug|Any CPU.ActiveCfg = Debug|Any CPU
		{340B9C5F-19FF-4AA0-881B-24B6274321D0}.Debug|Any CPU.Build.0 = Debug|Any CPU
		{340B9C5F-19FF-4AA0-881B-24B6274321D0}.Release|Any CPU.ActiveCfg = Release|Any CPU
		{340B9C5F-19FF-4AA0-881B-24B6274321D0}.Release|Any CPU.Build.0 = Release|Any CPU
	EndGlobalSection
	GlobalSection(SolutionProperties) = preSolution
		HideSolutionNode = FALSE
	EndGlobalSection
	GlobalSection(ExtensibilityGlobals) = postSolution
		SolutionGuid = {D40DCFD4-BDC4-48C5-B2B2-601E5432C5D7}
	EndGlobalSection
EndGlobal
