
Microsoft Visual Studio Solution File, Format Version 12.00
# Visual Studio Version 17
VisualStudioVersion = 17.1.32210.238
MinimumVisualStudioVersion = 10.0.40219.1
Project("{FAE04EC0-301F-11D3-BF4B-00C04F79EFBC}") = "PT42_20231211", "PT42_20231211\PT42_20231211.csproj", "{5DC7E152-DD05-4991-8A55-4F613868D26B}"
EndProject
Global
	GlobalSection(SolutionConfigurationPlatforms) = preSolution
		Debug|Any CPU = Debug|Any CPU
		Release|Any CPU = Release|Any CPU
	EndGlobalSection
	GlobalSection(ProjectConfigurationPlatforms) = postSolution
		{5DC7E152-DD05-4991-8A55-4F613868D26B}.Debug|Any CPU.ActiveCfg = Debug|Any CPU
		{5DC7E152-DD05-4991-8A55-4F613868D26B}.Debug|Any CPU.Build.0 = Debug|Any CPU
		{5DC7E152-DD05-4991-8A55-4F613868D26B}.Release|Any CPU.ActiveCfg = Release|Any CPU
		{5DC7E152-DD05-4991-8A55-4F613868D26B}.Release|Any CPU.Build.0 = Release|Any CPU
	EndGlobalSection
	GlobalSection(SolutionProperties) = preSolution
		HideSolutionNode = FALSE
	EndGlobalSection
	GlobalSection(ExtensibilityGlobals) = postSolution
		SolutionGuid = {E6AA5C67-8082-43D4-9914-43C33862D88E}
	EndGlobalSection
EndGlobal
