
Microsoft Visual Studio Solution File, Format Version 12.00
# Visual Studio Version 17
VisualStudioVersion = 17.1.32210.238
MinimumVisualStudioVersion = 10.0.40219.1
Project("{FAE04EC0-301F-11D3-BF4B-00C04F79EFBC}") = "PT43_20231211", "PT43_20231211\PT43_20231211.csproj", "{9F5CBB74-C0A9-4996-AF86-E3FB59FD0ECD}"
EndProject
Global
	GlobalSection(SolutionConfigurationPlatforms) = preSolution
		Debug|Any CPU = Debug|Any CPU
		Release|Any CPU = Release|Any CPU
	EndGlobalSection
	GlobalSection(ProjectConfigurationPlatforms) = postSolution
		{9F5CBB74-C0A9-4996-AF86-E3FB59FD0ECD}.Debug|Any CPU.ActiveCfg = Debug|Any CPU
		{9F5CBB74-C0A9-4996-AF86-E3FB59FD0ECD}.Debug|Any CPU.Build.0 = Debug|Any CPU
		{9F5CBB74-C0A9-4996-AF86-E3FB59FD0ECD}.Release|Any CPU.ActiveCfg = Release|Any CPU
		{9F5CBB74-C0A9-4996-AF86-E3FB59FD0ECD}.Release|Any CPU.Build.0 = Release|Any CPU
	EndGlobalSection
	GlobalSection(SolutionProperties) = preSolution
		HideSolutionNode = FALSE
	EndGlobalSection
	GlobalSection(ExtensibilityGlobals) = postSolution
		SolutionGuid = {4B5ECF3B-534B-4D85-A808-9D87300820DC}
	EndGlobalSection
EndGlobal
