
Microsoft Visual Studio Solution File, Format Version 12.00
# Visual Studio Version 17
VisualStudioVersion = 17.1.32210.238
MinimumVisualStudioVersion = 10.0.40219.1
Project("{FAE04EC0-301F-11D3-BF4B-00C04F79EFBC}") = "PT46_20231220_List", "PT46_20231220_List\PT46_20231220_List.csproj", "{FC389C52-948F-425F-BF7E-428983C6571B}"
EndProject
Global
	GlobalSection(SolutionConfigurationPlatforms) = preSolution
		Debug|Any CPU = Debug|Any CPU
		Release|Any CPU = Release|Any CPU
	EndGlobalSection
	GlobalSection(ProjectConfigurationPlatforms) = postSolution
		{FC389C52-948F-425F-BF7E-428983C6571B}.Debug|Any CPU.ActiveCfg = Debug|Any CPU
		{FC389C52-948F-425F-BF7E-428983C6571B}.Debug|Any CPU.Build.0 = Debug|Any CPU
		{FC389C52-948F-425F-BF7E-428983C6571B}.Release|Any CPU.ActiveCfg = Release|Any CPU
		{FC389C52-948F-425F-BF7E-428983C6571B}.Release|Any CPU.Build.0 = Release|Any CPU
	EndGlobalSection
	GlobalSection(SolutionProperties) = preSolution
		HideSolutionNode = FALSE
	EndGlobalSection
	GlobalSection(ExtensibilityGlobals) = postSolution
		SolutionGuid = {1B14FD3A-580A-409B-85D0-18B7A78A6DC5}
	EndGlobalSection
EndGlobal
