
Microsoft Visual Studio Solution File, Format Version 12.00
# Visual Studio Version 17
VisualStudioVersion = 17.1.32210.238
MinimumVisualStudioVersion = 10.0.40219.1
Project("{FAE04EC0-301F-11D3-BF4B-00C04F79EFBC}") = "PT48_20231220", "PT48_20231220\PT48_20231220.csproj", "{FC8F6B15-8AA7-4E6D-9799-893E1D36E711}"
EndProject
Global
	GlobalSection(SolutionConfigurationPlatforms) = preSolution
		Debug|Any CPU = Debug|Any CPU
		Release|Any CPU = Release|Any CPU
	EndGlobalSection
	GlobalSection(ProjectConfigurationPlatforms) = postSolution
		{FC8F6B15-8AA7-4E6D-9799-893E1D36E711}.Debug|Any CPU.ActiveCfg = Debug|Any CPU
		{FC8F6B15-8AA7-4E6D-9799-893E1D36E711}.Debug|Any CPU.Build.0 = Debug|Any CPU
		{FC8F6B15-8AA7-4E6D-9799-893E1D36E711}.Release|Any CPU.ActiveCfg = Release|Any CPU
		{FC8F6B15-8AA7-4E6D-9799-893E1D36E711}.Release|Any CPU.Build.0 = Release|Any CPU
	EndGlobalSection
	GlobalSection(SolutionProperties) = preSolution
		HideSolutionNode = FALSE
	EndGlobalSection
	GlobalSection(ExtensibilityGlobals) = postSolution
		SolutionGuid = {6502B03C-9070-415C-80C1-2BC429F876B8}
	EndGlobalSection
EndGlobal
